
Microsoft Visual Studio Solution File, Format Version 12.00
# Visual Studio Version 17
VisualStudioVersion = 17.5.33424.131
MinimumVisualStudioVersion = 10.0.40219.1
Project("{FAE04EC0-301F-11D3-BF4B-00C04F79EFBC}") = "UnitOfWork", "UnitOfWork\UnitOfWork.csproj", "{E1936995-CB35-44C2-909E-82D152E51C6E}"
EndProject
Global
	GlobalSection(SolutionConfigurationPlatforms) = preSolution
		Debug|Any CPU = Debug|Any CPU
		Release|Any CPU = Release|Any CPU
	EndGlobalSection
	GlobalSection(ProjectConfigurationPlatforms) = postSolution
		{E1936995-CB35-44C2-909E-82D152E51C6E}.Debug|Any CPU.ActiveCfg = Debug|Any CPU
		{E1936995-CB35-44C2-909E-82D152E51C6E}.Debug|Any CPU.Build.0 = Debug|Any CPU
		{E1936995-CB35-44C2-909E-82D152E51C6E}.Release|Any CPU.ActiveCfg = Release|Any CPU
		{E1936995-CB35-44C2-909E-82D152E51C6E}.Release|Any CPU.Build.0 = Release|Any CPU
	EndGlobalSection
	GlobalSection(SolutionProperties) = preSolution
		HideSolutionNode = FALSE
	EndGlobalSection
	GlobalSection(ExtensibilityGlobals) = postSolution
		SolutionGuid = {1DCC4EE8-1920-41DC-995B-4101F26D15E6}
	EndGlobalSection
EndGlobal
